
Microsoft Visual Studio Solution File, Format Version 12.00
# Visual Studio Version 17
VisualStudioVersion = 17.8.34525.116
MinimumVisualStudioVersion = 10.0.40219.1
Project("{FAE04EC0-301F-11D3-BF4B-00C04F79EFBC}") = "EventsViewer", "EventsViewer.csproj", "{D2F199B3-D370-4B4F-9916-D4FDEAEEE9D4}"
EndProject
Global
	GlobalSection(SolutionConfigurationPlatforms) = preSolution
		Debug|Any CPU = Debug|Any CPU
		Release|Any CPU = Release|Any CPU
	EndGlobalSection
	GlobalSection(ProjectConfigurationPlatforms) = postSolution
		{D2F199B3-D370-4B4F-9916-D4FDEAEEE9D4}.Debug|Any CPU.ActiveCfg = Debug|Any CPU
		{D2F199B3-D370-4B4F-9916-D4FDEAEEE9D4}.Debug|Any CPU.Build.0 = Debug|Any CPU
		{D2F199B3-D370-4B4F-9916-D4FDEAEEE9D4}.Release|Any CPU.ActiveCfg = Release|Any CPU
		{D2F199B3-D370-4B4F-9916-D4FDEAEEE9D4}.Release|Any CPU.Build.0 = Release|Any CPU
	EndGlobalSection
	GlobalSection(SolutionProperties) = preSolution
		HideSolutionNode = FALSE
	EndGlobalSection
	GlobalSection(ExtensibilityGlobals) = postSolution
		SolutionGuid = {C6C5866C-249C-449D-BB75-1B95895D6793}
	EndGlobalSection
EndGlobal
